
Microsoft Visual Studio Solution File, Format Version 12.00
# Visual Studio Version 16
VisualStudioVersion = 16.0.30104.148
MinimumVisualStudioVersion = 10.0.40219.1
Project("{FAE04EC0-301F-11D3-BF4B-00C04F79EFBC}") = "tp06_invertirNumero", "tp06_invertirNumero\tp06_invertirNumero.csproj", "{AB233B34-09C8-42EF-B9F1-43CDCF924726}"
EndProject
Global
	GlobalSection(SolutionConfigurationPlatforms) = preSolution
		Debug|Any CPU = Debug|Any CPU
		Release|Any CPU = Release|Any CPU
	EndGlobalSection
	GlobalSection(ProjectConfigurationPlatforms) = postSolution
		{AB233B34-09C8-42EF-B9F1-43CDCF924726}.Debug|Any CPU.ActiveCfg = Debug|Any CPU
		{AB233B34-09C8-42EF-B9F1-43CDCF924726}.Debug|Any CPU.Build.0 = Debug|Any CPU
		{AB233B34-09C8-42EF-B9F1-43CDCF924726}.Release|Any CPU.ActiveCfg = Release|Any CPU
		{AB233B34-09C8-42EF-B9F1-43CDCF924726}.Release|Any CPU.Build.0 = Release|Any CPU
	EndGlobalSection
	GlobalSection(SolutionProperties) = preSolution
		HideSolutionNode = FALSE
	EndGlobalSection
	GlobalSection(ExtensibilityGlobals) = postSolution
		SolutionGuid = {5CDF8AF1-8AD3-4453-AF89-89549BC73E9B}
	EndGlobalSection
EndGlobal
